<Solution>
  <Folder Name="/.github/" />
  <Folder Name="/.github/workflows/">
    <File Path=".github/workflows/deployment.yml" />
  </Folder>
  <Folder Name="/Solution Items/">
    <File Path="fable.ps1" />
    <File Path="fsharp.ps1" />
    <File Path="identifiers.fsx" />
    <File Path="README.md" />
    <File Path="translate.ps1" />
  </Folder>
  <Project Path="FSharpKeywordTranslator.Cli/FSharpKeywordTranslator.Cli.csproj" />
  <Project Path="FSharpKeywordTranslator.Core/FSharpKeywordTranslator.Core.csproj" />
  <Project Path="FSharpKeywordTranslator/FSharpKeywordTranslator.csproj" />
</Solution>
